
Microsoft Visual Studio Solution File, Format Version 12.00
# Visual Studio 15
Project("{FAE04EC0-301F-11D3-BF4B-00C04F79EFBC}") = "Assembly-CSharp", "Assembly-CSharp.csproj", "{6116FD39-9768-E0AE-0B66-7B43302BAB71}"
EndProject
Project("{FAE04EC0-301F-11D3-BF4B-00C04F79EFBC}") = "Assembly-CSharp-firstpass", "Assembly-CSharp-firstpass.csproj", "{6D0F30A7-32A3-B900-F88C-19C15EBE6A22}"
EndProject
Project("{FAE04EC0-301F-11D3-BF4B-00C04F79EFBC}") = "Assembly-CSharp-Editor-firstpass", "Assembly-CSharp-Editor-firstpass.csproj", "{1026A0A4-5267-DD41-7CB9-0CAC81B9A6C7}"
EndProject
Global
	GlobalSection(SolutionConfigurationPlatforms) = preSolution
		Debug|Any CPU = Debug|Any CPU
		Release|Any CPU = Release|Any CPU
	EndGlobalSection
	GlobalSection(ProjectConfigurationPlatforms) = postSolution
		{6116FD39-9768-E0AE-0B66-7B43302BAB71}.Debug|Any CPU.ActiveCfg = Debug|Any CPU
		{6116FD39-9768-E0AE-0B66-7B43302BAB71}.Debug|Any CPU.Build.0 = Debug|Any CPU
		{6116FD39-9768-E0AE-0B66-7B43302BAB71}.Release|Any CPU.ActiveCfg = Release|Any CPU
		{6116FD39-9768-E0AE-0B66-7B43302BAB71}.Release|Any CPU.Build.0 = Release|Any CPU
		{6D0F30A7-32A3-B900-F88C-19C15EBE6A22}.Debug|Any CPU.ActiveCfg = Debug|Any CPU
		{6D0F30A7-32A3-B900-F88C-19C15EBE6A22}.Debug|Any CPU.Build.0 = Debug|Any CPU
		{6D0F30A7-32A3-B900-F88C-19C15EBE6A22}.Release|Any CPU.ActiveCfg = Release|Any CPU
		{6D0F30A7-32A3-B900-F88C-19C15EBE6A22}.Release|Any CPU.Build.0 = Release|Any CPU
		{1026A0A4-5267-DD41-7CB9-0CAC81B9A6C7}.Debug|Any CPU.ActiveCfg = Debug|Any CPU
		{1026A0A4-5267-DD41-7CB9-0CAC81B9A6C7}.Debug|Any CPU.Build.0 = Debug|Any CPU
		{1026A0A4-5267-DD41-7CB9-0CAC81B9A6C7}.Release|Any CPU.ActiveCfg = Release|Any CPU
		{1026A0A4-5267-DD41-7CB9-0CAC81B9A6C7}.Release|Any CPU.Build.0 = Release|Any CPU
	EndGlobalSection
	GlobalSection(SolutionProperties) = preSolution
		HideSolutionNode = FALSE
	EndGlobalSection
EndGlobal
